# This file is autogenerated, do not edit; changes may be undone by the next 'dep ensure'.


[[projects]]
  name = "github.com/novalagung/gubrak"
  packages = ["."]
  revision = "47ef89cffca4da3ff1138e64e4fb5bc4becc549c"
  version = "1.0.0"

[solve-meta]
  analyzer-name = "dep"
  analyzer-version = 1
  inputs-digest = "8e8d52ac857c446cfba2285c228c686997e133afcd9dec86151693fff475296d"
  solver-name = "gps-cdcl"
  solver-version = 1
